
Microsoft Visual Studio Solution File, Format Version 12.00
# Visual Studio 15
VisualStudioVersion = 15.0.27428.2015
MinimumVisualStudioVersion = 10.0.40219.1
Project("{FAE04EC0-301F-11D3-BF4B-00C04F79EFBC}") = "fbardapp", "fbardapp\fbardapp.csproj", "{65E7C3B4-D21A-4409-85A1-B5B3F10B6A7D}"
EndProject
Global
	GlobalSection(SolutionConfigurationPlatforms) = preSolution
		Debug|Any CPU = Debug|Any CPU
		Release|Any CPU = Release|Any CPU
	EndGlobalSection
	GlobalSection(ProjectConfigurationPlatforms) = postSolution
		{65E7C3B4-D21A-4409-85A1-B5B3F10B6A7D}.Debug|Any CPU.ActiveCfg = Debug|Any CPU
		{65E7C3B4-D21A-4409-85A1-B5B3F10B6A7D}.Debug|Any CPU.Build.0 = Debug|Any CPU
		{65E7C3B4-D21A-4409-85A1-B5B3F10B6A7D}.Release|Any CPU.ActiveCfg = Release|Any CPU
		{65E7C3B4-D21A-4409-85A1-B5B3F10B6A7D}.Release|Any CPU.Build.0 = Release|Any CPU
	EndGlobalSection
	GlobalSection(SolutionProperties) = preSolution
		HideSolutionNode = FALSE
	EndGlobalSection
	GlobalSection(ExtensibilityGlobals) = postSolution
		SolutionGuid = {C5EC3141-181A-4D58-8985-CCF7FE5EFB8B}
	EndGlobalSection
EndGlobal
